// !$*UTF8*$!
{
	archiveVersion = 1;
	classes = {
	};
	objectVersion = 46;
	objects = {

/* Begin PBXBuildFile section */
		0D0D7FBC1D8FAFC000C6060B /* History.swift in Sources */ = {isa = PBXBuildFile; fileRef = 0D0D7FBB1D8FAFC000C6060B /* History.swift */; };
		0D0D7FBE1D8FB0E900C6060B /* BSError.swift in Sources */ = {isa = PBXBuildFile; fileRef = 0D0D7FBD1D8FB0E900C6060B /* BSError.swift */; };
		0D3293D11D8E65B6007C7974 /* AppDelegate.swift in Sources */ = {isa = PBXBuildFile; fileRef = 0D3293D01D8E65B6007C7974 /* AppDelegate.swift */; };
		0D3293D81D8E65B6007C7974 /* Main.storyboard in Resources */ = {isa = PBXBuildFile; fileRef = 0D3293D61D8E65B6007C7974 /* Main.storyboard */; };
		0D3293DA1D8E65B6007C7974 /* Assets.xcassets in Resources */ = {isa = PBXBuildFile; fileRef = 0D3293D91D8E65B6007C7974 /* Assets.xcassets */; };
		0D3293DD1D8E65B6007C7974 /* LaunchScreen.storyboard in Resources */ = {isa = PBXBuildFile; fileRef = 0D3293DB1D8E65B6007C7974 /* LaunchScreen.storyboard */; };
		0D3293E81D8E65B6007C7974 /* HamelnReaderTests.swift in Sources */ = {isa = PBXBuildFile; fileRef = 0D3293E71D8E65B6007C7974 /* HamelnReaderTests.swift */; };
		0D3293F31D8E65B6007C7974 /* HamelnReaderUITests.swift in Sources */ = {isa = PBXBuildFile; fileRef = 0D3293F21D8E65B6007C7974 /* HamelnReaderUITests.swift */; };
		0D3294081D8E7884007C7974 /* Alamofire.framework in Frameworks */ = {isa = PBXBuildFile; fileRef = 0D3294011D8E7884007C7974 /* Alamofire.framework */; };
		0D3294091D8E7884007C7974 /* Realm.framework in Frameworks */ = {isa = PBXBuildFile; fileRef = 0D3294021D8E7884007C7974 /* Realm.framework */; };
		0D32940A1D8E7884007C7974 /* RealmSwift.framework in Frameworks */ = {isa = PBXBuildFile; fileRef = 0D3294031D8E7884007C7974 /* RealmSwift.framework */; };
		0D32940B1D8E7884007C7974 /* RxBlocking.framework in Frameworks */ = {isa = PBXBuildFile; fileRef = 0D3294041D8E7884007C7974 /* RxBlocking.framework */; };
		0D32940C1D8E7884007C7974 /* RxCocoa.framework in Frameworks */ = {isa = PBXBuildFile; fileRef = 0D3294051D8E7884007C7974 /* RxCocoa.framework */; };
		0D32940D1D8E7884007C7974 /* RxSwift.framework in Frameworks */ = {isa = PBXBuildFile; fileRef = 0D3294061D8E7884007C7974 /* RxSwift.framework */; };
		0D3294121D8E7CF5007C7974 /* HamelnClient.swift in Sources */ = {isa = PBXBuildFile; fileRef = 0D3294111D8E7CF5007C7974 /* HamelnClient.swift */; };
		0D3294161D8EC247007C7974 /* SlideMenuControllerSwift.framework in Frameworks */ = {isa = PBXBuildFile; fileRef = 0D3294151D8EC247007C7974 /* SlideMenuControllerSwift.framework */; };
		0D3294191D8EC353007C7974 /* ContainerViewController.swift in Sources */ = {isa = PBXBuildFile; fileRef = 0D3294181D8EC353007C7974 /* ContainerViewController.swift */; };
		0D32941B1D8EC8FB007C7974 /* MainViewController.swift in Sources */ = {isa = PBXBuildFile; fileRef = 0D32941A1D8EC8FB007C7974 /* MainViewController.swift */; };
		0D32941D1D8ECBD5007C7974 /* LeftViewController.swift in Sources */ = {isa = PBXBuildFile; fileRef = 0D32941C1D8ECBD5007C7974 /* LeftViewController.swift */; };
		0D32941F1D8ECBE4007C7974 /* RightViewController.swift in Sources */ = {isa = PBXBuildFile; fileRef = 0D32941E1D8ECBE4007C7974 /* RightViewController.swift */; };
		0D3294211D8ECC49007C7974 /* SearchViewController.swift in Sources */ = {isa = PBXBuildFile; fileRef = 0D3294201D8ECC49007C7974 /* SearchViewController.swift */; };
		0D3294231D8ECC91007C7974 /* RankingViewController.swift in Sources */ = {isa = PBXBuildFile; fileRef = 0D3294221D8ECC91007C7974 /* RankingViewController.swift */; };
		0D32944B1D8ED40C007C7974 /* Kanna.framework in Frameworks */ = {isa = PBXBuildFile; fileRef = 0D32944A1D8ED40C007C7974 /* Kanna.framework */; };
		0D32944D1D8ED463007C7974 /* SafeArray.framework in Frameworks */ = {isa = PBXBuildFile; fileRef = 0D32944C1D8ED463007C7974 /* SafeArray.framework */; };
		0D3294531D8EDA50007C7974 /* SearchType.swift in Sources */ = {isa = PBXBuildFile; fileRef = 0D3294521D8EDA50007C7974 /* SearchType.swift */; };
		0D3294551D8EDA76007C7974 /* OriginalWork.swift in Sources */ = {isa = PBXBuildFile; fileRef = 0D3294541D8EDA76007C7974 /* OriginalWork.swift */; };
		0D3294591D8EDB34007C7974 /* Novel.swift in Sources */ = {isa = PBXBuildFile; fileRef = 0D3294581D8EDB34007C7974 /* Novel.swift */; };
		0D32945B1D8EDBBA007C7974 /* Chapter.swift in Sources */ = {isa = PBXBuildFile; fileRef = 0D32945A1D8EDBBA007C7974 /* Chapter.swift */; };
		0D32945D1D8EE4F5007C7974 /* Author.swift in Sources */ = {isa = PBXBuildFile; fileRef = 0D32945C1D8EE4F5007C7974 /* Author.swift */; };
		0D32945F1D8EE520007C7974 /* Tag.swift in Sources */ = {isa = PBXBuildFile; fileRef = 0D32945E1D8EE520007C7974 /* Tag.swift */; };
		0D3294611D8EE635007C7974 /* Episode.swift in Sources */ = {isa = PBXBuildFile; fileRef = 0D3294601D8EE635007C7974 /* Episode.swift */; };
		0D3294631D8EEE8A007C7974 /* HamelnData.swift in Sources */ = {isa = PBXBuildFile; fileRef = 0D3294621D8EEE8A007C7974 /* HamelnData.swift */; };
		0D3294661D8EEF2A007C7974 /* Status.swift in Sources */ = {isa = PBXBuildFile; fileRef = 0D3294651D8EEF2A007C7974 /* Status.swift */; };
		0D3294691D8EEF68007C7974 /* Bookmark.swift in Sources */ = {isa = PBXBuildFile; fileRef = 0D3294681D8EEF68007C7974 /* Bookmark.swift */; };
		0D32946B1D8EF559007C7974 /* HamelnClient+URL.swift in Sources */ = {isa = PBXBuildFile; fileRef = 0D32946A1D8EF559007C7974 /* HamelnClient+URL.swift */; };
		0D32946D1D8EF881007C7974 /* PKHUD.framework in Frameworks */ = {isa = PBXBuildFile; fileRef = 0D32946C1D8EF880007C7974 /* PKHUD.framework */; };
		0D32946F1D8F9A7A007C7974 /* RxAlamofire.framework in Frameworks */ = {isa = PBXBuildFile; fileRef = 0D32946E1D8F9A7A007C7974 /* RxAlamofire.framework */; };
/* End PBXBuildFile section */

/* Begin PBXContainerItemProxy section */
		0D3293E41D8E65B6007C7974 /* PBXContainerItemProxy */ = {
			isa = PBXContainerItemProxy;
			containerPortal = 0D3293C51D8E65B6007C7974 /* Project object */;
			proxyType = 1;
			remoteGlobalIDString = 0D3293CC1D8E65B6007C7974;
			remoteInfo = HamelnReader;
		};
		0D3293EF1D8E65B6007C7974 /* PBXContainerItemProxy */ = {
			isa = PBXContainerItemProxy;
			containerPortal = 0D3293C51D8E65B6007C7974 /* Project object */;
			proxyType = 1;
			remoteGlobalIDString = 0D3293CC1D8E65B6007C7974;
			remoteInfo = HamelnReader;
		};
/* End PBXContainerItemProxy section */

/* Begin PBXFileReference section */
		0D0D7FBB1D8FAFC000C6060B /* History.swift */ = {isa = PBXFileReference; fileEncoding = 4; lastKnownFileType = sourcecode.swift; path = History.swift; sourceTree = "<group>"; };
		0D0D7FBD1D8FB0E900C6060B /* BSError.swift */ = {isa = PBXFileReference; fileEncoding = 4; lastKnownFileType = sourcecode.swift; path = BSError.swift; sourceTree = "<group>"; };
		0D3293CD1D8E65B6007C7974 /* HamelnReader.app */ = {isa = PBXFileReference; explicitFileType = wrapper.application; includeInIndex = 0; path = HamelnReader.app; sourceTree = BUILT_PRODUCTS_DIR; };
		0D3293D01D8E65B6007C7974 /* AppDelegate.swift */ = {isa = PBXFileReference; lastKnownFileType = sourcecode.swift; lineEnding = 0; path = AppDelegate.swift; sourceTree = "<group>"; xcLanguageSpecificationIdentifier = xcode.lang.swift; };
		0D3293D71D8E65B6007C7974 /* Base */ = {isa = PBXFileReference; lastKnownFileType = file.storyboard; name = Base; path = Base.lproj/Main.storyboard; sourceTree = "<group>"; };
		0D3293D91D8E65B6007C7974 /* Assets.xcassets */ = {isa = PBXFileReference; lastKnownFileType = folder.assetcatalog; path = Assets.xcassets; sourceTree = "<group>"; };
		0D3293DC1D8E65B6007C7974 /* Base */ = {isa = PBXFileReference; lastKnownFileType = file.storyboard; name = Base; path = Base.lproj/LaunchScreen.storyboard; sourceTree = "<group>"; };
		0D3293DE1D8E65B6007C7974 /* Info.plist */ = {isa = PBXFileReference; lastKnownFileType = text.plist.xml; path = Info.plist; sourceTree = "<group>"; };
		0D3293E31D8E65B6007C7974 /* HamelnReaderTests.xctest */ = {isa = PBXFileReference; explicitFileType = wrapper.cfbundle; includeInIndex = 0; path = HamelnReaderTests.xctest; sourceTree = BUILT_PRODUCTS_DIR; };
		0D3293E71D8E65B6007C7974 /* HamelnReaderTests.swift */ = {isa = PBXFileReference; lastKnownFileType = sourcecode.swift; path = HamelnReaderTests.swift; sourceTree = "<group>"; };
		0D3293E91D8E65B6007C7974 /* Info.plist */ = {isa = PBXFileReference; lastKnownFileType = text.plist.xml; path = Info.plist; sourceTree = "<group>"; };
		0D3293EE1D8E65B6007C7974 /* HamelnReaderUITests.xctest */ = {isa = PBXFileReference; explicitFileType = wrapper.cfbundle; includeInIndex = 0; path = HamelnReaderUITests.xctest; sourceTree = BUILT_PRODUCTS_DIR; };
		0D3293F21D8E65B6007C7974 /* HamelnReaderUITests.swift */ = {isa = PBXFileReference; lastKnownFileType = sourcecode.swift; path = HamelnReaderUITests.swift; sourceTree = "<group>"; };
		0D3293F41D8E65B6007C7974 /* Info.plist */ = {isa = PBXFileReference; lastKnownFileType = text.plist.xml; path = Info.plist; sourceTree = "<group>"; };
		0D3294011D8E7884007C7974 /* Alamofire.framework */ = {isa = PBXFileReference; lastKnownFileType = wrapper.framework; name = Alamofire.framework; path = Carthage/Build/iOS/Alamofire.framework; sourceTree = "<group>"; };
		0D3294021D8E7884007C7974 /* Realm.framework */ = {isa = PBXFileReference; lastKnownFileType = wrapper.framework; name = Realm.framework; path = Carthage/Build/iOS/Realm.framework; sourceTree = "<group>"; };
		0D3294031D8E7884007C7974 /* RealmSwift.framework */ = {isa = PBXFileReference; lastKnownFileType = wrapper.framework; name = RealmSwift.framework; path = Carthage/Build/iOS/RealmSwift.framework; sourceTree = "<group>"; };
		0D3294041D8E7884007C7974 /* RxBlocking.framework */ = {isa = PBXFileReference; lastKnownFileType = wrapper.framework; name = RxBlocking.framework; path = Carthage/Build/iOS/RxBlocking.framework; sourceTree = "<group>"; };
		0D3294051D8E7884007C7974 /* RxCocoa.framework */ = {isa = PBXFileReference; lastKnownFileType = wrapper.framework; name = RxCocoa.framework; path = Carthage/Build/iOS/RxCocoa.framework; sourceTree = "<group>"; };
		0D3294061D8E7884007C7974 /* RxSwift.framework */ = {isa = PBXFileReference; lastKnownFileType = wrapper.framework; name = RxSwift.framework; path = Carthage/Build/iOS/RxSwift.framework; sourceTree = "<group>"; };
		0D3294071D8E7884007C7974 /* RxTests.framework */ = {isa = PBXFileReference; lastKnownFileType = wrapper.framework; name = RxTests.framework; path = Carthage/Build/iOS/RxTests.framework; sourceTree = "<group>"; };
		0D3294111D8E7CF5007C7974 /* HamelnClient.swift */ = {isa = PBXFileReference; fileEncoding = 4; lastKnownFileType = sourcecode.swift; lineEnding = 0; path = HamelnClient.swift; sourceTree = "<group>"; xcLanguageSpecificationIdentifier = xcode.lang.swift; };
		0D3294151D8EC247007C7974 /* SlideMenuControllerSwift.framework */ = {isa = PBXFileReference; lastKnownFileType = wrapper.framework; name = SlideMenuControllerSwift.framework; path = Carthage/Build/iOS/SlideMenuControllerSwift.framework; sourceTree = "<group>"; };
		0D3294181D8EC353007C7974 /* ContainerViewController.swift */ = {isa = PBXFileReference; fileEncoding = 4; lastKnownFileType = sourcecode.swift; lineEnding = 0; path = ContainerViewController.swift; sourceTree = "<group>"; xcLanguageSpecificationIdentifier = xcode.lang.swift; };
		0D32941A1D8EC8FB007C7974 /* MainViewController.swift */ = {isa = PBXFileReference; fileEncoding = 4; lastKnownFileType = sourcecode.swift; lineEnding = 0; path = MainViewController.swift; sourceTree = "<group>"; xcLanguageSpecificationIdentifier = xcode.lang.swift; };
		0D32941C1D8ECBD5007C7974 /* LeftViewController.swift */ = {isa = PBXFileReference; fileEncoding = 4; lastKnownFileType = sourcecode.swift; lineEnding = 0; path = LeftViewController.swift; sourceTree = "<group>"; xcLanguageSpecificationIdentifier = xcode.lang.swift; };
		0D32941E1D8ECBE4007C7974 /* RightViewController.swift */ = {isa = PBXFileReference; fileEncoding = 4; lastKnownFileType = sourcecode.swift; lineEnding = 0; path = RightViewController.swift; sourceTree = "<group>"; xcLanguageSpecificationIdentifier = xcode.lang.swift; };
		0D3294201D8ECC49007C7974 /* SearchViewController.swift */ = {isa = PBXFileReference; fileEncoding = 4; lastKnownFileType = sourcecode.swift; lineEnding = 0; path = SearchViewController.swift; sourceTree = "<group>"; xcLanguageSpecificationIdentifier = xcode.lang.swift; };
		0D3294221D8ECC91007C7974 /* RankingViewController.swift */ = {isa = PBXFileReference; fileEncoding = 4; lastKnownFileType = sourcecode.swift; lineEnding = 0; path = RankingViewController.swift; sourceTree = "<group>"; xcLanguageSpecificationIdentifier = xcode.lang.swift; };
		0D32944A1D8ED40C007C7974 /* Kanna.framework */ = {isa = PBXFileReference; lastKnownFileType = wrapper.framework; name = Kanna.framework; path = Carthage/Build/iOS/Kanna.framework; sourceTree = "<group>"; };
		0D32944C1D8ED463007C7974 /* SafeArray.framework */ = {isa = PBXFileReference; lastKnownFileType = wrapper.framework; name = SafeArray.framework; path = Carthage/Build/iOS/SafeArray.framework; sourceTree = "<group>"; };
		0D3294521D8EDA50007C7974 /* SearchType.swift */ = {isa = PBXFileReference; fileEncoding = 4; lastKnownFileType = sourcecode.swift; lineEnding = 0; path = SearchType.swift; sourceTree = "<group>"; xcLanguageSpecificationIdentifier = xcode.lang.swift; };
		0D3294541D8EDA76007C7974 /* OriginalWork.swift */ = {isa = PBXFileReference; fileEncoding = 4; lastKnownFileType = sourcecode.swift; lineEnding = 0; path = OriginalWork.swift; sourceTree = "<group>"; xcLanguageSpecificationIdentifier = xcode.lang.swift; };
		0D3294581D8EDB34007C7974 /* Novel.swift */ = {isa = PBXFileReference; fileEncoding = 4; lastKnownFileType = sourcecode.swift; lineEnding = 0; path = Novel.swift; sourceTree = "<group>"; xcLanguageSpecificationIdentifier = xcode.lang.swift; };
		0D32945A1D8EDBBA007C7974 /* Chapter.swift */ = {isa = PBXFileReference; fileEncoding = 4; lastKnownFileType = sourcecode.swift; lineEnding = 0; path = Chapter.swift; sourceTree = "<group>"; xcLanguageSpecificationIdentifier = xcode.lang.swift; };
		0D32945C1D8EE4F5007C7974 /* Author.swift */ = {isa = PBXFileReference; fileEncoding = 4; lastKnownFileType = sourcecode.swift; lineEnding = 0; path = Author.swift; sourceTree = "<group>"; xcLanguageSpecificationIdentifier = xcode.lang.swift; };
		0D32945E1D8EE520007C7974 /* Tag.swift */ = {isa = PBXFileReference; fileEncoding = 4; lastKnownFileType = sourcecode.swift; lineEnding = 0; path = Tag.swift; sourceTree = "<group>"; xcLanguageSpecificationIdentifier = xcode.lang.swift; };
		0D3294601D8EE635007C7974 /* Episode.swift */ = {isa = PBXFileReference; fileEncoding = 4; lastKnownFileType = sourcecode.swift; lineEnding = 0; path = Episode.swift; sourceTree = "<group>"; xcLanguageSpecificationIdentifier = xcode.lang.swift; };
		0D3294621D8EEE8A007C7974 /* HamelnData.swift */ = {isa = PBXFileReference; fileEncoding = 4; lastKnownFileType = sourcecode.swift; lineEnding = 0; path = HamelnData.swift; sourceTree = "<group>"; xcLanguageSpecificationIdentifier = xcode.lang.swift; };
		0D3294651D8EEF2A007C7974 /* Status.swift */ = {isa = PBXFileReference; fileEncoding = 4; lastKnownFileType = sourcecode.swift; lineEnding = 0; path = Status.swift; sourceTree = "<group>"; xcLanguageSpecificationIdentifier = xcode.lang.swift; };
		0D3294681D8EEF68007C7974 /* Bookmark.swift */ = {isa = PBXFileReference; fileEncoding = 4; lastKnownFileType = sourcecode.swift; lineEnding = 0; path = Bookmark.swift; sourceTree = "<group>"; xcLanguageSpecificationIdentifier = xcode.lang.swift; };
		0D32946A1D8EF559007C7974 /* HamelnClient+URL.swift */ = {isa = PBXFileReference; fileEncoding = 4; lastKnownFileType = sourcecode.swift; path = "HamelnClient+URL.swift"; sourceTree = "<group>"; };
		0D32946C1D8EF880007C7974 /* PKHUD.framework */ = {isa = PBXFileReference; lastKnownFileType = wrapper.framework; name = PKHUD.framework; path = Carthage/Build/iOS/PKHUD.framework; sourceTree = "<group>"; };
		0D32946E1D8F9A7A007C7974 /* RxAlamofire.framework */ = {isa = PBXFileReference; lastKnownFileType = wrapper.framework; name = RxAlamofire.framework; path = Carthage/Build/iOS/RxAlamofire.framework; sourceTree = "<group>"; };
/* End PBXFileReference section */

/* Begin PBXFrameworksBuildPhase section */
		0D3293CA1D8E65B6007C7974 /* Frameworks */ = {
			isa = PBXFrameworksBuildPhase;
			buildActionMask = 2147483647;
			files = (
				0D32946F1D8F9A7A007C7974 /* RxAlamofire.framework in Frameworks */,
				0D32946D1D8EF881007C7974 /* PKHUD.framework in Frameworks */,
				0D32944D1D8ED463007C7974 /* SafeArray.framework in Frameworks */,
				0D32944B1D8ED40C007C7974 /* Kanna.framework in Frameworks */,
				0D3294161D8EC247007C7974 /* SlideMenuControllerSwift.framework in Frameworks */,
				0D3294081D8E7884007C7974 /* Alamofire.framework in Frameworks */,
				0D3294091D8E7884007C7974 /* Realm.framework in Frameworks */,
				0D32940A1D8E7884007C7974 /* RealmSwift.framework in Frameworks */,
				0D32940B1D8E7884007C7974 /* RxBlocking.framework in Frameworks */,
				0D32940C1D8E7884007C7974 /* RxCocoa.framework in Frameworks */,
				0D32940D1D8E7884007C7974 /* RxSwift.framework in Frameworks */,
			);
			runOnlyForDeploymentPostprocessing = 0;
		};
		0D3293E01D8E65B6007C7974 /* Frameworks */ = {
			isa = PBXFrameworksBuildPhase;
			buildActionMask = 2147483647;
			files = (
			);
			runOnlyForDeploymentPostprocessing = 0;
		};
		0D3293EB1D8E65B6007C7974 /* Frameworks */ = {
			isa = PBXFrameworksBuildPhase;
			buildActionMask = 2147483647;
			files = (
			);
			runOnlyForDeploymentPostprocessing = 0;
		};
/* End PBXFrameworksBuildPhase section */

/* Begin PBXGroup section */
		0D3293C41D8E65B6007C7974 = {
			isa = PBXGroup;
			children = (
				0D3294001D8E7883007C7974 /* Frameworks */,
				0D3293CF1D8E65B6007C7974 /* HamelnReader */,
				0D3293E61D8E65B6007C7974 /* HamelnReaderTests */,
				0D3293F11D8E65B6007C7974 /* HamelnReaderUITests */,
				0D3293CE1D8E65B6007C7974 /* Products */,
			);
			sourceTree = "<group>";
		};
		0D3293CE1D8E65B6007C7974 /* Products */ = {
			isa = PBXGroup;
			children = (
				0D3293CD1D8E65B6007C7974 /* HamelnReader.app */,
				0D3293E31D8E65B6007C7974 /* HamelnReaderTests.xctest */,
				0D3293EE1D8E65B6007C7974 /* HamelnReaderUITests.xctest */,
			);
			name = Products;
			sourceTree = "<group>";
		};
		0D3293CF1D8E65B6007C7974 /* HamelnReader */ = {
			isa = PBXGroup;
			children = (
				0D32944E1D8ED61B007C7974 /* Data */,
				0D32944F1D8ED630007C7974 /* Model */,
				0D3294101D8E7CD5007C7974 /* Network */,
				0D3294511D8ED64C007C7974 /* Util */,
				0D3294501D8ED638007C7974 /* View */,
				0D3294171D8EC321007C7974 /* ViewController */,
				0D3293D01D8E65B6007C7974 /* AppDelegate.swift */,
				0D3293D91D8E65B6007C7974 /* Assets.xcassets */,
				0D3293DE1D8E65B6007C7974 /* Info.plist */,
				0D3293DB1D8E65B6007C7974 /* LaunchScreen.storyboard */,
				0D3293D61D8E65B6007C7974 /* Main.storyboard */,
			);
			path = HamelnReader;
			sourceTree = "<group>";
		};
		0D3293E61D8E65B6007C7974 /* HamelnReaderTests */ = {
			isa = PBXGroup;
			children = (
				0D3293E71D8E65B6007C7974 /* HamelnReaderTests.swift */,
				0D3293E91D8E65B6007C7974 /* Info.plist */,
			);
			path = HamelnReaderTests;
			sourceTree = "<group>";
		};
		0D3293F11D8E65B6007C7974 /* HamelnReaderUITests */ = {
			isa = PBXGroup;
			children = (
				0D3293F21D8E65B6007C7974 /* HamelnReaderUITests.swift */,
				0D3293F41D8E65B6007C7974 /* Info.plist */,
			);
			path = HamelnReaderUITests;
			sourceTree = "<group>";
		};
		0D3294001D8E7883007C7974 /* Frameworks */ = {
			isa = PBXGroup;
			children = (
				0D32946E1D8F9A7A007C7974 /* RxAlamofire.framework */,
				0D32946C1D8EF880007C7974 /* PKHUD.framework */,
				0D32944C1D8ED463007C7974 /* SafeArray.framework */,
				0D32944A1D8ED40C007C7974 /* Kanna.framework */,
				0D3294151D8EC247007C7974 /* SlideMenuControllerSwift.framework */,
				0D3294011D8E7884007C7974 /* Alamofire.framework */,
				0D3294021D8E7884007C7974 /* Realm.framework */,
				0D3294031D8E7884007C7974 /* RealmSwift.framework */,
				0D3294041D8E7884007C7974 /* RxBlocking.framework */,
				0D3294051D8E7884007C7974 /* RxCocoa.framework */,
				0D3294061D8E7884007C7974 /* RxSwift.framework */,
				0D3294071D8E7884007C7974 /* RxTests.framework */,
			);
			name = Frameworks;
			sourceTree = "<group>";
		};
		0D3294101D8E7CD5007C7974 /* Network */ = {
			isa = PBXGroup;
			children = (
				0D3294111D8E7CF5007C7974 /* HamelnClient.swift */,
				0D32946A1D8EF559007C7974 /* HamelnClient+URL.swift */,
			);
			path = Network;
			sourceTree = "<group>";
		};
		0D3294171D8EC321007C7974 /* ViewController */ = {
			isa = PBXGroup;
			children = (
				0D3294181D8EC353007C7974 /* ContainerViewController.swift */,
				0D32941C1D8ECBD5007C7974 /* LeftViewController.swift */,
				0D32941A1D8EC8FB007C7974 /* MainViewController.swift */,
				0D3294221D8ECC91007C7974 /* RankingViewController.swift */,
				0D32941E1D8ECBE4007C7974 /* RightViewController.swift */,
				0D3294201D8ECC49007C7974 /* SearchViewController.swift */,
			);
			path = ViewController;
			sourceTree = "<group>";
		};
		0D32944E1D8ED61B007C7974 /* Data */ = {
			isa = PBXGroup;
			children = (
				0D3294621D8EEE8A007C7974 /* HamelnData.swift */,
			);
			path = Data;
			sourceTree = "<group>";
		};
		0D32944F1D8ED630007C7974 /* Model */ = {
			isa = PBXGroup;
			children = (
				0D3294641D8EEF0A007C7974 /* Hameln */,
				0D3294671D8EEF4E007C7974 /* Local */,
				0D0D7FBD1D8FB0E900C6060B /* BSError.swift */,
			);
			path = Model;
			sourceTree = "<group>";
		};
		0D3294501D8ED638007C7974 /* View */ = {
			isa = PBXGroup;
			children = (
			);
			path = View;
			sourceTree = "<group>";
		};
		0D3294511D8ED64C007C7974 /* Util */ = {
			isa = PBXGroup;
			children = (
			);
			path = Util;
			sourceTree = "<group>";
		};
		0D3294641D8EEF0A007C7974 /* Hameln */ = {
			isa = PBXGroup;
			children = (
				0D32945C1D8EE4F5007C7974 /* Author.swift */,
				0D32945A1D8EDBBA007C7974 /* Chapter.swift */,
				0D3294601D8EE635007C7974 /* Episode.swift */,
				0D3294581D8EDB34007C7974 /* Novel.swift */,
				0D3294541D8EDA76007C7974 /* OriginalWork.swift */,
				0D3294521D8EDA50007C7974 /* SearchType.swift */,
				0D3294651D8EEF2A007C7974 /* Status.swift */,
				0D32945E1D8EE520007C7974 /* Tag.swift */,
			);
			path = Hameln;
			sourceTree = "<group>";
		};
		0D3294671D8EEF4E007C7974 /* Local */ = {
			isa = PBXGroup;
			children = (
				0D3294681D8EEF68007C7974 /* Bookmark.swift */,
				0D0D7FBB1D8FAFC000C6060B /* History.swift */,
			);
			path = Local;
			sourceTree = "<group>";
		};
/* End PBXGroup section */

/* Begin PBXNativeTarget section */
		0D3293CC1D8E65B6007C7974 /* HamelnReader */ = {
			isa = PBXNativeTarget;
			buildConfigurationList = 0D3293F71D8E65B6007C7974 /* Build configuration list for PBXNativeTarget "HamelnReader" */;
			buildPhases = (
				0D3293C91D8E65B6007C7974 /* Sources */,
				0D3293CA1D8E65B6007C7974 /* Frameworks */,
				0D3293CB1D8E65B6007C7974 /* Resources */,
				0D32940F1D8E7B18007C7974 /* ShellScript */,
			);
			buildRules = (
			);
			dependencies = (
			);
			name = HamelnReader;
			productName = HamelnReader;
			productReference = 0D3293CD1D8E65B6007C7974 /* HamelnReader.app */;
			productType = "com.apple.product-type.application";
		};
		0D3293E21D8E65B6007C7974 /* HamelnReaderTests */ = {
			isa = PBXNativeTarget;
			buildConfigurationList = 0D3293FA1D8E65B6007C7974 /* Build configuration list for PBXNativeTarget "HamelnReaderTests" */;
			buildPhases = (
				0D3293DF1D8E65B6007C7974 /* Sources */,
				0D3293E01D8E65B6007C7974 /* Frameworks */,
				0D3293E11D8E65B6007C7974 /* Resources */,
			);
			buildRules = (
			);
			dependencies = (
				0D3293E51D8E65B6007C7974 /* PBXTargetDependency */,
			);
			name = HamelnReaderTests;
			productName = HamelnReaderTests;
			productReference = 0D3293E31D8E65B6007C7974 /* HamelnReaderTests.xctest */;
			productType = "com.apple.product-type.bundle.unit-test";
		};
		0D3293ED1D8E65B6007C7974 /* HamelnReaderUITests */ = {
			isa = PBXNativeTarget;
			buildConfigurationList = 0D3293FD1D8E65B6007C7974 /* Build configuration list for PBXNativeTarget "HamelnReaderUITests" */;
			buildPhases = (
				0D3293EA1D8E65B6007C7974 /* Sources */,
				0D3293EB1D8E65B6007C7974 /* Frameworks */,
				0D3293EC1D8E65B6007C7974 /* Resources */,
			);
			buildRules = (
			);
			dependencies = (
				0D3293F01D8E65B6007C7974 /* PBXTargetDependency */,
			);
			name = HamelnReaderUITests;
			productName = HamelnReaderUITests;
			productReference = 0D3293EE1D8E65B6007C7974 /* HamelnReaderUITests.xctest */;
			productType = "com.apple.product-type.bundle.ui-testing";
		};
/* End PBXNativeTarget section */

/* Begin PBXProject section */
		0D3293C51D8E65B6007C7974 /* Project object */ = {
			isa = PBXProject;
			attributes = {
				LastSwiftUpdateCheck = 0800;
				LastUpgradeCheck = 0800;
				ORGANIZATIONNAME = bloodysnow;
				TargetAttributes = {
					0D3293CC1D8E65B6007C7974 = {
						CreatedOnToolsVersion = 8.0;
						DevelopmentTeam = 3668223PXH;
						ProvisioningStyle = Manual;
					};
					0D3293E21D8E65B6007C7974 = {
						CreatedOnToolsVersion = 8.0;
						ProvisioningStyle = Automatic;
						TestTargetID = 0D3293CC1D8E65B6007C7974;
					};
					0D3293ED1D8E65B6007C7974 = {
						CreatedOnToolsVersion = 8.0;
						ProvisioningStyle = Automatic;
						TestTargetID = 0D3293CC1D8E65B6007C7974;
					};
				};
			};
			buildConfigurationList = 0D3293C81D8E65B6007C7974 /* Build configuration list for PBXProject "HamelnReader" */;
			compatibilityVersion = "Xcode 3.2";
			developmentRegion = English;
			hasScannedForEncodings = 0;
			knownRegions = (
				en,
				Base,
			);
			mainGroup = 0D3293C41D8E65B6007C7974;
			productRefGroup = 0D3293CE1D8E65B6007C7974 /* Products */;
			projectDirPath = "";
			projectRoot = "";
			targets = (
				0D3293CC1D8E65B6007C7974 /* HamelnReader */,
				0D3293E21D8E65B6007C7974 /* HamelnReaderTests */,
				0D3293ED1D8E65B6007C7974 /* HamelnReaderUITests */,
			);
		};
/* End PBXProject section */

/* Begin PBXResourcesBuildPhase section */
		0D3293CB1D8E65B6007C7974 /* Resources */ = {
			isa = PBXResourcesBuildPhase;
			buildActionMask = 2147483647;
			files = (
				0D3293DD1D8E65B6007C7974 /* LaunchScreen.storyboard in Resources */,
				0D3293DA1D8E65B6007C7974 /* Assets.xcassets in Resources */,
				0D3293D81D8E65B6007C7974 /* Main.storyboard in Resources */,
			);
			runOnlyForDeploymentPostprocessing = 0;
		};
		0D3293E11D8E65B6007C7974 /* Resources */ = {
			isa = PBXResourcesBuildPhase;
			buildActionMask = 2147483647;
			files = (
			);
			runOnlyForDeploymentPostprocessing = 0;
		};
		0D3293EC1D8E65B6007C7974 /* Resources */ = {
			isa = PBXResourcesBuildPhase;
			buildActionMask = 2147483647;
			files = (
			);
			runOnlyForDeploymentPostprocessing = 0;
		};
/* End PBXResourcesBuildPhase section */

/* Begin PBXShellScriptBuildPhase section */
		0D32940F1D8E7B18007C7974 /* ShellScript */ = {
			isa = PBXShellScriptBuildPhase;
			buildActionMask = 2147483647;
			files = (
			);
			inputPaths = (
				"$(SRCROOT)/Carthage/Build/iOS/Alamofire.framework",
				"$(SRCROOT)/Carthage/Build/iOS/RealmSwift.framework",
				"$(SRCROOT)/Carthage/Build/iOS/RxBlocking.framework",
				"$(SRCROOT)/Carthage/Build/iOS/RxCocoa.framework",
				"$(SRCROOT)/Carthage/Build/iOS/RxSwift.framework",
				"$(SRCROOT)/Carthage/Build/iOS/Realm.framework",
				"$(SRCROOT)/Carthage/Build/iOS/SlideMenuControllerSwift.framework",
				"$(SRCROOT)/Carthage/Build/iOS/SafeArray.framework",
				"$(SRCROOT)/Carthage/Build/iOS/Kanna.framework",
				"$(SRCROOT)/Carthage/Build/iOS/PKHUD.framework",
				"$(SRCROOT)/Carthage/Build/iOS/RxAlamofire.framework",
			);
			outputPaths = (
			);
			runOnlyForDeploymentPostprocessing = 0;
			shellPath = /bin/sh;
			shellScript = "/usr/local/bin/carthage copy-frameworks";
		};
/* End PBXShellScriptBuildPhase section */

/* Begin PBXSourcesBuildPhase section */
		0D3293C91D8E65B6007C7974 /* Sources */ = {
			isa = PBXSourcesBuildPhase;
			buildActionMask = 2147483647;
			files = (
				0D3294611D8EE635007C7974 /* Episode.swift in Sources */,
				0D3294121D8E7CF5007C7974 /* HamelnClient.swift in Sources */,
				0D3294211D8ECC49007C7974 /* SearchViewController.swift in Sources */,
				0D3294661D8EEF2A007C7974 /* Status.swift in Sources */,
				0D3294191D8EC353007C7974 /* ContainerViewController.swift in Sources */,
				0D3294551D8EDA76007C7974 /* OriginalWork.swift in Sources */,
				0D3293D11D8E65B6007C7974 /* AppDelegate.swift in Sources */,
				0D3294591D8EDB34007C7974 /* Novel.swift in Sources */,
				0D32945B1D8EDBBA007C7974 /* Chapter.swift in Sources */,
				0D0D7FBE1D8FB0E900C6060B /* BSError.swift in Sources */,
				0D32941D1D8ECBD5007C7974 /* LeftViewController.swift in Sources */,
				0D3294531D8EDA50007C7974 /* SearchType.swift in Sources */,
				0D3294631D8EEE8A007C7974 /* HamelnData.swift in Sources */,
				0D32941B1D8EC8FB007C7974 /* MainViewController.swift in Sources */,
				0D32941F1D8ECBE4007C7974 /* RightViewController.swift in Sources */,
				0D0D7FBC1D8FAFC000C6060B /* History.swift in Sources */,
				0D32945F1D8EE520007C7974 /* Tag.swift in Sources */,
				0D32945D1D8EE4F5007C7974 /* Author.swift in Sources */,
				0D3294231D8ECC91007C7974 /* RankingViewController.swift in Sources */,
				0D3294691D8EEF68007C7974 /* Bookmark.swift in Sources */,
				0D32946B1D8EF559007C7974 /* HamelnClient+URL.swift in Sources */,
			);
			runOnlyForDeploymentPostprocessing = 0;
		};
		0D3293DF1D8E65B6007C7974 /* Sources */ = {
			isa = PBXSourcesBuildPhase;
			buildActionMask = 2147483647;
			files = (
				0D3293E81D8E65B6007C7974 /* HamelnReaderTests.swift in Sources */,
			);
			runOnlyForDeploymentPostprocessing = 0;
		};
		0D3293EA1D8E65B6007C7974 /* Sources */ = {
			isa = PBXSourcesBuildPhase;
			buildActionMask = 2147483647;
			files = (
				0D3293F31D8E65B6007C7974 /* HamelnReaderUITests.swift in Sources */,
			);
			runOnlyForDeploymentPostprocessing = 0;
		};
/* End PBXSourcesBuildPhase section */

/* Begin PBXTargetDependency section */
		0D3293E51D8E65B6007C7974 /* PBXTargetDependency */ = {
			isa = PBXTargetDependency;
			target = 0D3293CC1D8E65B6007C7974 /* HamelnReader */;
			targetProxy = 0D3293E41D8E65B6007C7974 /* PBXContainerItemProxy */;
		};
		0D3293F01D8E65B6007C7974 /* PBXTargetDependency */ = {
			isa = PBXTargetDependency;
			target = 0D3293CC1D8E65B6007C7974 /* HamelnReader */;
			targetProxy = 0D3293EF1D8E65B6007C7974 /* PBXContainerItemProxy */;
		};
/* End PBXTargetDependency section */

/* Begin PBXVariantGroup section */
		0D3293D61D8E65B6007C7974 /* Main.storyboard */ = {
			isa = PBXVariantGroup;
			children = (
				0D3293D71D8E65B6007C7974 /* Base */,
			);
			name = Main.storyboard;
			path = .;
			sourceTree = "<group>";
		};
		0D3293DB1D8E65B6007C7974 /* LaunchScreen.storyboard */ = {
			isa = PBXVariantGroup;
			children = (
				0D3293DC1D8E65B6007C7974 /* Base */,
			);
			name = LaunchScreen.storyboard;
			path = .;
			sourceTree = "<group>";
		};
/* End PBXVariantGroup section */

/* Begin XCBuildConfiguration section */
		0D3293F51D8E65B6007C7974 /* Debug */ = {
			isa = XCBuildConfiguration;
			buildSettings = {
				ALWAYS_SEARCH_USER_PATHS = NO;
				CLANG_ANALYZER_NONNULL = YES;
				CLANG_CXX_LANGUAGE_STANDARD = "gnu++0x";
				CLANG_CXX_LIBRARY = "libc++";
				CLANG_ENABLE_MODULES = YES;
				CLANG_ENABLE_OBJC_ARC = YES;
				CLANG_WARN_BOOL_CONVERSION = YES;
				CLANG_WARN_CONSTANT_CONVERSION = YES;
				CLANG_WARN_DIRECT_OBJC_ISA_USAGE = YES_ERROR;
				CLANG_WARN_DOCUMENTATION_COMMENTS = YES;
				CLANG_WARN_EMPTY_BODY = YES;
				CLANG_WARN_ENUM_CONVERSION = YES;
				CLANG_WARN_INFINITE_RECURSION = YES;
				CLANG_WARN_INT_CONVERSION = YES;
				CLANG_WARN_OBJC_ROOT_CLASS = YES_ERROR;
				CLANG_WARN_SUSPICIOUS_MOVES = YES;
				CLANG_WARN_UNREACHABLE_CODE = YES;
				CLANG_WARN__DUPLICATE_METHOD_MATCH = YES;
				"CODE_SIGN_IDENTITY[sdk=iphoneos*]" = "iPhone Developer";
				COPY_PHASE_STRIP = NO;
				DEBUG_INFORMATION_FORMAT = dwarf;
				ENABLE_STRICT_OBJC_MSGSEND = YES;
				ENABLE_TESTABILITY = YES;
				GCC_C_LANGUAGE_STANDARD = gnu99;
				GCC_DYNAMIC_NO_PIC = NO;
				GCC_NO_COMMON_BLOCKS = YES;
				GCC_OPTIMIZATION_LEVEL = 0;
				GCC_PREPROCESSOR_DEFINITIONS = (
					"DEBUG=1",
					"$(inherited)",
				);
				GCC_WARN_64_TO_32_BIT_CONVERSION = YES;
				GCC_WARN_ABOUT_RETURN_TYPE = YES_ERROR;
				GCC_WARN_UNDECLARED_SELECTOR = YES;
				GCC_WARN_UNINITIALIZED_AUTOS = YES_AGGRESSIVE;
				GCC_WARN_UNUSED_FUNCTION = YES;
				GCC_WARN_UNUSED_VARIABLE = YES;
				IPHONEOS_DEPLOYMENT_TARGET = 10.0;
				MTL_ENABLE_DEBUG_INFO = YES;
				ONLY_ACTIVE_ARCH = YES;
				SDKROOT = iphoneos;
				SWIFT_ACTIVE_COMPILATION_CONDITIONS = DEBUG;
				SWIFT_OPTIMIZATION_LEVEL = "-Onone";
				TARGETED_DEVICE_FAMILY = "1,2";
			};
			name = Debug;
		};
		0D3293F61D8E65B6007C7974 /* Release */ = {
			isa = XCBuildConfiguration;
			buildSettings = {
				ALWAYS_SEARCH_USER_PATHS = NO;
				CLANG_ANALYZER_NONNULL = YES;
				CLANG_CXX_LANGUAGE_STANDARD = "gnu++0x";
				CLANG_CXX_LIBRARY = "libc++";
				CLANG_ENABLE_MODULES = YES;
				CLANG_ENABLE_OBJC_ARC = YES;
				CLANG_WARN_BOOL_CONVERSION = YES;
				CLANG_WARN_CONSTANT_CONVERSION = YES;
				CLANG_WARN_DIRECT_OBJC_ISA_USAGE = YES_ERROR;
				CLANG_WARN_DOCUMENTATION_COMMENTS = YES;
				CLANG_WARN_EMPTY_BODY = YES;
				CLANG_WARN_ENUM_CONVERSION = YES;
				CLANG_WARN_INFINITE_RECURSION = YES;
				CLANG_WARN_INT_CONVERSION = YES;
				CLANG_WARN_OBJC_ROOT_CLASS = YES_ERROR;
				CLANG_WARN_SUSPICIOUS_MOVES = YES;
				CLANG_WARN_UNREACHABLE_CODE = YES;
				CLANG_WARN__DUPLICATE_METHOD_MATCH = YES;
				"CODE_SIGN_IDENTITY[sdk=iphoneos*]" = "iPhone Developer";
				COPY_PHASE_STRIP = NO;
				DEBUG_INFORMATION_FORMAT = "dwarf-with-dsym";
				ENABLE_NS_ASSERTIONS = NO;
				ENABLE_STRICT_OBJC_MSGSEND = YES;
				GCC_C_LANGUAGE_STANDARD = gnu99;
				GCC_NO_COMMON_BLOCKS = YES;
				GCC_WARN_64_TO_32_BIT_CONVERSION = YES;
				GCC_WARN_ABOUT_RETURN_TYPE = YES_ERROR;
				GCC_WARN_UNDECLARED_SELECTOR = YES;
				GCC_WARN_UNINITIALIZED_AUTOS = YES_AGGRESSIVE;
				GCC_WARN_UNUSED_FUNCTION = YES;
				GCC_WARN_UNUSED_VARIABLE = YES;
				IPHONEOS_DEPLOYMENT_TARGET = 10.0;
				MTL_ENABLE_DEBUG_INFO = NO;
				SDKROOT = iphoneos;
				SWIFT_OPTIMIZATION_LEVEL = "-Owholemodule";
				TARGETED_DEVICE_FAMILY = "1,2";
				VALIDATE_PRODUCT = YES;
			};
			name = Release;
		};
		0D3293F81D8E65B6007C7974 /* Debug */ = {
			isa = XCBuildConfiguration;
			buildSettings = {
				ASSETCATALOG_COMPILER_APPICON_NAME = AppIcon;
				"CODE_SIGN_IDENTITY[sdk=iphoneos*]" = "iPhone Distribution";
				DEVELOPMENT_TEAM = 3668223PXH;
				FRAMEWORK_SEARCH_PATHS = (
					"$(inherited)",
					"$(PROJECT_DIR)/Carthage/Build/iOS",
				);
				HEADER_SEARCH_PATHS = "$(SDKROOT)/usr/include/libxml2";
				INFOPLIST_FILE = HamelnReader/Info.plist;
				LD_RUNPATH_SEARCH_PATHS = "$(inherited) @executable_path/Frameworks";
				PRODUCT_BUNDLE_IDENTIFIER = com.bloodysnow.HamelnReader;
				PRODUCT_NAME = "$(TARGET_NAME)";
				PROVISIONING_PROFILE = "2d886b60-0d87-470e-85ec-e141fee1be0d";
				PROVISIONING_PROFILE_SPECIFIER = "XC Ad Hoc: *";
				SWIFT_VERSION = 3.0;
				TARGETED_DEVICE_FAMILY = "1,2";
			};
			name = Debug;
		};
		0D3293F91D8E65B6007C7974 /* Release */ = {
			isa = XCBuildConfiguration;
			buildSettings = {
				ASSETCATALOG_COMPILER_APPICON_NAME = AppIcon;
				"CODE_SIGN_IDENTITY[sdk=iphoneos*]" = "iPhone Distribution";
				DEVELOPMENT_TEAM = 3668223PXH;
				FRAMEWORK_SEARCH_PATHS = (
					"$(inherited)",
					"$(PROJECT_DIR)/Carthage/Build/iOS",
				);
				HEADER_SEARCH_PATHS = "$(SDKROOT)/usr/include/libxml2";
				INFOPLIST_FILE = HamelnReader/Info.plist;
				LD_RUNPATH_SEARCH_PATHS = "$(inherited) @executable_path/Frameworks";
				PRODUCT_BUNDLE_IDENTIFIER = com.bloodysnow.HamelnReader;
				PRODUCT_NAME = "$(TARGET_NAME)";
				PROVISIONING_PROFILE = "2d886b60-0d87-470e-85ec-e141fee1be0d";
				PROVISIONING_PROFILE_SPECIFIER = "XC Ad Hoc: *";
				SWIFT_VERSION = 3.0;
				TARGETED_DEVICE_FAMILY = "1,2";
			};
			name = Release;
		};
		0D3293FB1D8E65B6007C7974 /* Debug */ = {
			isa = XCBuildConfiguration;
			buildSettings = {
				ALWAYS_EMBED_SWIFT_STANDARD_LIBRARIES = YES;
				BUNDLE_LOADER = "$(TEST_HOST)";
				INFOPLIST_FILE = HamelnReaderTests/Info.plist;
				LD_RUNPATH_SEARCH_PATHS = "$(inherited) @executable_path/Frameworks @loader_path/Frameworks";
				PRODUCT_BUNDLE_IDENTIFIER = com.bloodysnow.HamelnReaderTests;
				PRODUCT_NAME = "$(TARGET_NAME)";
				SWIFT_VERSION = 3.0;
				TEST_HOST = "$(BUILT_PRODUCTS_DIR)/HamelnReader.app/HamelnReader";
			};
			name = Debug;
		};
		0D3293FC1D8E65B6007C7974 /* Release */ = {
			isa = XCBuildConfiguration;
			buildSettings = {
				ALWAYS_EMBED_SWIFT_STANDARD_LIBRARIES = YES;
				BUNDLE_LOADER = "$(TEST_HOST)";
				INFOPLIST_FILE = HamelnReaderTests/Info.plist;
				LD_RUNPATH_SEARCH_PATHS = "$(inherited) @executable_path/Frameworks @loader_path/Frameworks";
				PRODUCT_BUNDLE_IDENTIFIER = com.bloodysnow.HamelnReaderTests;
				PRODUCT_NAME = "$(TARGET_NAME)";
				SWIFT_VERSION = 3.0;
				TEST_HOST = "$(BUILT_PRODUCTS_DIR)/HamelnReader.app/HamelnReader";
			};
			name = Release;
		};
		0D3293FE1D8E65B6007C7974 /* Debug */ = {
			isa = XCBuildConfiguration;
			buildSettings = {
				ALWAYS_EMBED_SWIFT_STANDARD_LIBRARIES = YES;
				INFOPLIST_FILE = HamelnReaderUITests/Info.plist;
				LD_RUNPATH_SEARCH_PATHS = "$(inherited) @executable_path/Frameworks @loader_path/Frameworks";
				PRODUCT_BUNDLE_IDENTIFIER = com.bloodysnow.HamelnReaderUITests;
				PRODUCT_NAME = "$(TARGET_NAME)";
				SWIFT_VERSION = 3.0;
				TEST_TARGET_NAME = HamelnReader;
			};
			name = Debug;
		};
		0D3293FF1D8E65B6007C7974 /* Release */ = {
			isa = XCBuildConfiguration;
			buildSettings = {
				ALWAYS_EMBED_SWIFT_STANDARD_LIBRARIES = YES;
				INFOPLIST_FILE = HamelnReaderUITests/Info.plist;
				LD_RUNPATH_SEARCH_PATHS = "$(inherited) @executable_path/Frameworks @loader_path/Frameworks";
				PRODUCT_BUNDLE_IDENTIFIER = com.bloodysnow.HamelnReaderUITests;
				PRODUCT_NAME = "$(TARGET_NAME)";
				SWIFT_VERSION = 3.0;
				TEST_TARGET_NAME = HamelnReader;
			};
			name = Release;
		};
/* End XCBuildConfiguration section */

/* Begin XCConfigurationList section */
		0D3293C81D8E65B6007C7974 /* Build configuration list for PBXProject "HamelnReader" */ = {
			isa = XCConfigurationList;
			buildConfigurations = (
				0D3293F51D8E65B6007C7974 /* Debug */,
				0D3293F61D8E65B6007C7974 /* Release */,
			);
			defaultConfigurationIsVisible = 0;
			defaultConfigurationName = Release;
		};
		0D3293F71D8E65B6007C7974 /* Build configuration list for PBXNativeTarget "HamelnReader" */ = {
			isa = XCConfigurationList;
			buildConfigurations = (
				0D3293F81D8E65B6007C7974 /* Debug */,
				0D3293F91D8E65B6007C7974 /* Release */,
			);
			defaultConfigurationIsVisible = 0;
			defaultConfigurationName = Release;
		};
		0D3293FA1D8E65B6007C7974 /* Build configuration list for PBXNativeTarget "HamelnReaderTests" */ = {
			isa = XCConfigurationList;
			buildConfigurations = (
				0D3293FB1D8E65B6007C7974 /* Debug */,
				0D3293FC1D8E65B6007C7974 /* Release */,
			);
			defaultConfigurationIsVisible = 0;
			defaultConfigurationName = Release;
		};
		0D3293FD1D8E65B6007C7974 /* Build configuration list for PBXNativeTarget "HamelnReaderUITests" */ = {
			isa = XCConfigurationList;
			buildConfigurations = (
				0D3293FE1D8E65B6007C7974 /* Debug */,
				0D3293FF1D8E65B6007C7974 /* Release */,
			);
			defaultConfigurationIsVisible = 0;
			defaultConfigurationName = Release;
		};
/* End XCConfigurationList section */
	};
	rootObject = 0D3293C51D8E65B6007C7974 /* Project object */;
}
